// !$*UTF8*$!
{
	archiveVersion = 1;
	classes = {
	};
	objectVersion = 46;
	objects = {

/* Begin PBXBuildFile section */
		D8E2E85C1BC4324C00A3E0AF /* main.m in Sources */ = {isa = PBXBuildFile; fileRef = D8E2E85B1BC4324C00A3E0AF /* main.m */; };
		D8E2E85F1BC4324C00A3E0AF /* AppDelegate.m in Sources */ = {isa = PBXBuildFile; fileRef = D8E2E85E1BC4324C00A3E0AF /* AppDelegate.m */; };
		D8E2E8621BC4324C00A3E0AF /* ViewController.m in Sources */ = {isa = PBXBuildFile; fileRef = D8E2E8611BC4324C00A3E0AF /* ViewController.m */; };
		D8E2E8651BC4324C00A3E0AF /* Main.storyboard in Resources */ = {isa = PBXBuildFile; fileRef = D8E2E8631BC4324C00A3E0AF /* Main.storyboard */; };
		D8E2E8671BC4324C00A3E0AF /* Assets.xcassets in Resources */ = {isa = PBXBuildFile; fileRef = D8E2E8661BC4324C00A3E0AF /* Assets.xcassets */; };
		D8E2E86A1BC4324C00A3E0AF /* LaunchScreen.storyboard in Resources */ = {isa = PBXBuildFile; fileRef = D8E2E8681BC4324C00A3E0AF /* LaunchScreen.storyboard */; };
		D8E2E8751BC4324C00A3E0AF /* WeekOneDayTwoTests.m in Sources */ = {isa = PBXBuildFile; fileRef = D8E2E8741BC4324C00A3E0AF /* WeekOneDayTwoTests.m */; };
		D8E2E8801BC4324C00A3E0AF /* WeekOneDayTwoUITests.m in Sources */ = {isa = PBXBuildFile; fileRef = D8E2E87F1BC4324C00A3E0AF /* WeekOneDayTwoUITests.m */; };
		D8E2E88F1BC4325B00A3E0AF /* PoorNameCrapProject.m in Sources */ = {isa = PBXBuildFile; fileRef = D8E2E88E1BC4325B00A3E0AF /* PoorNameCrapProject.m */; settings = {ASSET_TAGS = (); }; };
		D8E2E8921BC4354000A3E0AF /* AnotherCustomClass.m in Sources */ = {isa = PBXBuildFile; fileRef = D8E2E8911BC4354000A3E0AF /* AnotherCustomClass.m */; settings = {ASSET_TAGS = (); }; };
/* End PBXBuildFile section */

/* Begin PBXContainerItemProxy section */
		D8E2E8711BC4324C00A3E0AF /* PBXContainerItemProxy */ = {
			isa = PBXContainerItemProxy;
			containerPortal = D8E2E84F1BC4324C00A3E0AF /* Project object */;
			proxyType = 1;
			remoteGlobalIDString = D8E2E8561BC4324C00A3E0AF;
			remoteInfo = WeekOneDayTwo;
		};
		D8E2E87C1BC4324C00A3E0AF /* PBXContainerItemProxy */ = {
			isa = PBXContainerItemProxy;
			containerPortal = D8E2E84F1BC4324C00A3E0AF /* Project object */;
			proxyType = 1;
			remoteGlobalIDString = D8E2E8561BC4324C00A3E0AF;
			remoteInfo = WeekOneDayTwo;
		};
/* End PBXContainerItemProxy section */

/* Begin PBXFileReference section */
		D8E2E8571BC4324C00A3E0AF /* WeekOneDayTwo.app */ = {isa = PBXFileReference; explicitFileType = wrapper.application; includeInIndex = 0; path = WeekOneDayTwo.app; sourceTree = BUILT_PRODUCTS_DIR; };
		D8E2E85B1BC4324C00A3E0AF /* main.m */ = {isa = PBXFileReference; lastKnownFileType = sourcecode.c.objc; path = main.m; sourceTree = "<group>"; };
		D8E2E85D1BC4324C00A3E0AF /* AppDelegate.h */ = {isa = PBXFileReference; lastKnownFileType = sourcecode.c.h; path = AppDelegate.h; sourceTree = "<group>"; };
		D8E2E85E1BC4324C00A3E0AF /* AppDelegate.m */ = {isa = PBXFileReference; lastKnownFileType = sourcecode.c.objc; path = AppDelegate.m; sourceTree = "<group>"; };
		D8E2E8601BC4324C00A3E0AF /* ViewController.h */ = {isa = PBXFileReference; lastKnownFileType = sourcecode.c.h; path = ViewController.h; sourceTree = "<group>"; };
		D8E2E8611BC4324C00A3E0AF /* ViewController.m */ = {isa = PBXFileReference; lastKnownFileType = sourcecode.c.objc; path = ViewController.m; sourceTree = "<group>"; };
		D8E2E8641BC4324C00A3E0AF /* Base */ = {isa = PBXFileReference; lastKnownFileType = file.storyboard; name = Base; path = Base.lproj/Main.storyboard; sourceTree = "<group>"; };
		D8E2E8661BC4324C00A3E0AF /* Assets.xcassets */ = {isa = PBXFileReference; lastKnownFileType = folder.assetcatalog; path = Assets.xcassets; sourceTree = "<group>"; };
		D8E2E8691BC4324C00A3E0AF /* Base */ = {isa = PBXFileReference; lastKnownFileType = file.storyboard; name = Base; path = Base.lproj/LaunchScreen.storyboard; sourceTree = "<group>"; };
		D8E2E86B1BC4324C00A3E0AF /* Info.plist */ = {isa = PBXFileReference; lastKnownFileType = text.plist.xml; path = Info.plist; sourceTree = "<group>"; };
		D8E2E8701BC4324C00A3E0AF /* WeekOneDayTwoTests.xctest */ = {isa = PBXFileReference; explicitFileType = wrapper.cfbundle; includeInIndex = 0; path = WeekOneDayTwoTests.xctest; sourceTree = BUILT_PRODUCTS_DIR; };
		D8E2E8741BC4324C00A3E0AF /* WeekOneDayTwoTests.m */ = {isa = PBXFileReference; lastKnownFileType = sourcecode.c.objc; path = WeekOneDayTwoTests.m; sourceTree = "<group>"; };
		D8E2E8761BC4324C00A3E0AF /* Info.plist */ = {isa = PBXFileReference; lastKnownFileType = text.plist.xml; path = Info.plist; sourceTree = "<group>"; };
		D8E2E87B1BC4324C00A3E0AF /* WeekOneDayTwoUITests.xctest */ = {isa = PBXFileReference; explicitFileType = wrapper.cfbundle; includeInIndex = 0; path = WeekOneDayTwoUITests.xctest; sourceTree = BUILT_PRODUCTS_DIR; };
		D8E2E87F1BC4324C00A3E0AF /* WeekOneDayTwoUITests.m */ = {isa = PBXFileReference; lastKnownFileType = sourcecode.c.objc; path = WeekOneDayTwoUITests.m; sourceTree = "<group>"; };
		D8E2E8811BC4324C00A3E0AF /* Info.plist */ = {isa = PBXFileReference; lastKnownFileType = text.plist.xml; path = Info.plist; sourceTree = "<group>"; };
		D8E2E88D1BC4325B00A3E0AF /* PoorNameCrapProject.h */ = {isa = PBXFileReference; fileEncoding = 4; lastKnownFileType = sourcecode.c.h; path = PoorNameCrapProject.h; sourceTree = "<group>"; };
		D8E2E88E1BC4325B00A3E0AF /* PoorNameCrapProject.m */ = {isa = PBXFileReference; fileEncoding = 4; lastKnownFileType = sourcecode.c.objc; path = PoorNameCrapProject.m; sourceTree = "<group>"; };
		D8E2E8901BC4354000A3E0AF /* AnotherCustomClass.h */ = {isa = PBXFileReference; fileEncoding = 4; lastKnownFileType = sourcecode.c.h; path = AnotherCustomClass.h; sourceTree = "<group>"; };
		D8E2E8911BC4354000A3E0AF /* AnotherCustomClass.m */ = {isa = PBXFileReference; fileEncoding = 4; lastKnownFileType = sourcecode.c.objc; path = AnotherCustomClass.m; sourceTree = "<group>"; };
/* End PBXFileReference section */

/* Begin PBXFrameworksBuildPhase section */
		D8E2E8541BC4324C00A3E0AF /* Frameworks */ = {
			isa = PBXFrameworksBuildPhase;
			buildActionMask = 2147483647;
			files = (
			);
			runOnlyForDeploymentPostprocessing = 0;
		};
		D8E2E86D1BC4324C00A3E0AF /* Frameworks */ = {
			isa = PBXFrameworksBuildPhase;
			buildActionMask = 2147483647;
			files = (
			);
			runOnlyForDeploymentPostprocessing = 0;
		};
		D8E2E8781BC4324C00A3E0AF /* Frameworks */ = {
			isa = PBXFrameworksBuildPhase;
			buildActionMask = 2147483647;
			files = (
			);
			runOnlyForDeploymentPostprocessing = 0;
		};
/* End PBXFrameworksBuildPhase section */

/* Begin PBXGroup section */
		D8E2E84E1BC4324C00A3E0AF = {
			isa = PBXGroup;
			children = (
				D8E2E8591BC4324C00A3E0AF /* WeekOneDayTwo */,
				D8E2E8731BC4324C00A3E0AF /* WeekOneDayTwoTests */,
				D8E2E87E1BC4324C00A3E0AF /* WeekOneDayTwoUITests */,
				D8E2E8581BC4324C00A3E0AF /* Products */,
			);
			sourceTree = "<group>";
		};
		D8E2E8581BC4324C00A3E0AF /* Products */ = {
			isa = PBXGroup;
			children = (
				D8E2E8571BC4324C00A3E0AF /* WeekOneDayTwo.app */,
				D8E2E8701BC4324C00A3E0AF /* WeekOneDayTwoTests.xctest */,
				D8E2E87B1BC4324C00A3E0AF /* WeekOneDayTwoUITests.xctest */,
			);
			name = Products;
			sourceTree = "<group>";
		};
		D8E2E8591BC4324C00A3E0AF /* WeekOneDayTwo */ = {
			isa = PBXGroup;
			children = (
				D8E2E85D1BC4324C00A3E0AF /* AppDelegate.h */,
				D8E2E85E1BC4324C00A3E0AF /* AppDelegate.m */,
				D8E2E8601BC4324C00A3E0AF /* ViewController.h */,
				D8E2E8611BC4324C00A3E0AF /* ViewController.m */,
				D8E2E88D1BC4325B00A3E0AF /* PoorNameCrapProject.h */,
				D8E2E88E1BC4325B00A3E0AF /* PoorNameCrapProject.m */,
				D8E2E8901BC4354000A3E0AF /* AnotherCustomClass.h */,
				D8E2E8911BC4354000A3E0AF /* AnotherCustomClass.m */,
				D8E2E8631BC4324C00A3E0AF /* Main.storyboard */,
				D8E2E8661BC4324C00A3E0AF /* Assets.xcassets */,
				D8E2E8681BC4324C00A3E0AF /* LaunchScreen.storyboard */,
				D8E2E86B1BC4324C00A3E0AF /* Info.plist */,
				D8E2E85A1BC4324C00A3E0AF /* Supporting Files */,
			);
			path = WeekOneDayTwo;
			sourceTree = "<group>";
		};
		D8E2E85A1BC4324C00A3E0AF /* Supporting Files */ = {
			isa = PBXGroup;
			children = (
				D8E2E85B1BC4324C00A3E0AF /* main.m */,
			);
			name = "Supporting Files";
			sourceTree = "<group>";
		};
		D8E2E8731BC4324C00A3E0AF /* WeekOneDayTwoTests */ = {
			isa = PBXGroup;
			children = (
				D8E2E8741BC4324C00A3E0AF /* WeekOneDayTwoTests.m */,
				D8E2E8761BC4324C00A3E0AF /* Info.plist */,
			);
			path = WeekOneDayTwoTests;
			sourceTree = "<group>";
		};
		D8E2E87E1BC4324C00A3E0AF /* WeekOneDayTwoUITests */ = {
			isa = PBXGroup;
			children = (
				D8E2E87F1BC4324C00A3E0AF /* WeekOneDayTwoUITests.m */,
				D8E2E8811BC4324C00A3E0AF /* Info.plist */,
			);
			path = WeekOneDayTwoUITests;
			sourceTree = "<group>";
		};
/* End PBXGroup section */

/* Begin PBXNativeTarget section */
		D8E2E8561BC4324C00A3E0AF /* WeekOneDayTwo */ = {
			isa = PBXNativeTarget;
			buildConfigurationList = D8E2E8841BC4324C00A3E0AF /* Build configuration list for PBXNativeTarget "WeekOneDayTwo" */;
			buildPhases = (
				D8E2E8531BC4324C00A3E0AF /* Sources */,
				D8E2E8541BC4324C00A3E0AF /* Frameworks */,
				D8E2E8551BC4324C00A3E0AF /* Resources */,
			);
			buildRules = (
			);
			dependencies = (
			);
			name = WeekOneDayTwo;
			productName = WeekOneDayTwo;
			productReference = D8E2E8571BC4324C00A3E0AF /* WeekOneDayTwo.app */;
			productType = "com.apple.product-type.application";
		};
		D8E2E86F1BC4324C00A3E0AF /* WeekOneDayTwoTests */ = {
			isa = PBXNativeTarget;
			buildConfigurationList = D8E2E8871BC4324C00A3E0AF /* Build configuration list for PBXNativeTarget "WeekOneDayTwoTests" */;
			buildPhases = (
				D8E2E86C1BC4324C00A3E0AF /* Sources */,
				D8E2E86D1BC4324C00A3E0AF /* Frameworks */,
				D8E2E86E1BC4324C00A3E0AF /* Resources */,
			);
			buildRules = (
			);
			dependencies = (
				D8E2E8721BC4324C00A3E0AF /* PBXTargetDependency */,
			);
			name = WeekOneDayTwoTests;
			productName = WeekOneDayTwoTests;
			productReference = D8E2E8701BC4324C00A3E0AF /* WeekOneDayTwoTests.xctest */;
			productType = "com.apple.product-type.bundle.unit-test";
		};
		D8E2E87A1BC4324C00A3E0AF /* WeekOneDayTwoUITests */ = {
			isa = PBXNativeTarget;
			buildConfigurationList = D8E2E88A1BC4324C00A3E0AF /* Build configuration list for PBXNativeTarget "WeekOneDayTwoUITests" */;
			buildPhases = (
				D8E2E8771BC4324C00A3E0AF /* Sources */,
				D8E2E8781BC4324C00A3E0AF /* Frameworks */,
				D8E2E8791BC4324C00A3E0AF /* Resources */,
			);
			buildRules = (
			);
			dependencies = (
				D8E2E87D1BC4324C00A3E0AF /* PBXTargetDependency */,
			);
			name = WeekOneDayTwoUITests;
			productName = WeekOneDayTwoUITests;
			productReference = D8E2E87B1BC4324C00A3E0AF /* WeekOneDayTwoUITests.xctest */;
			productType = "com.apple.product-type.bundle.ui-testing";
		};
/* End PBXNativeTarget section */

/* Begin PBXProject section */
		D8E2E84F1BC4324C00A3E0AF /* Project object */ = {
			isa = PBXProject;
			attributes = {
				LastUpgradeCheck = 0700;
				ORGANIZATIONNAME = "Bit Lore Institute";
				TargetAttributes = {
					D8E2E8561BC4324C00A3E0AF = {
						CreatedOnToolsVersion = 7.0.1;
						DevelopmentTeam = H8T743Z4MU;
					};
					D8E2E86F1BC4324C00A3E0AF = {
						CreatedOnToolsVersion = 7.0.1;
						DevelopmentTeam = H8T743Z4MU;
						TestTargetID = D8E2E8561BC4324C00A3E0AF;
					};
					D8E2E87A1BC4324C00A3E0AF = {
						CreatedOnToolsVersion = 7.0.1;
						DevelopmentTeam = H8T743Z4MU;
						TestTargetID = D8E2E8561BC4324C00A3E0AF;
					};
				};
			};
			buildConfigurationList = D8E2E8521BC4324C00A3E0AF /* Build configuration list for PBXProject "WeekOneDayTwo" */;
			compatibilityVersion = "Xcode 3.2";
			developmentRegion = English;
			hasScannedForEncodings = 0;
			knownRegions = (
				en,
				Base,
			);
			mainGroup = D8E2E84E1BC4324C00A3E0AF;
			productRefGroup = D8E2E8581BC4324C00A3E0AF /* Products */;
			projectDirPath = "";
			projectRoot = "";
			targets = (
				D8E2E8561BC4324C00A3E0AF /* WeekOneDayTwo */,
				D8E2E86F1BC4324C00A3E0AF /* WeekOneDayTwoTests */,
				D8E2E87A1BC4324C00A3E0AF /* WeekOneDayTwoUITests */,
			);
		};
/* End PBXProject section */

/* Begin PBXResourcesBuildPhase section */
		D8E2E8551BC4324C00A3E0AF /* Resources */ = {
			isa = PBXResourcesBuildPhase;
			buildActionMask = 2147483647;
			files = (
				D8E2E86A1BC4324C00A3E0AF /* LaunchScreen.storyboard in Resources */,
				D8E2E8671BC4324C00A3E0AF /* Assets.xcassets in Resources */,
				D8E2E8651BC4324C00A3E0AF /* Main.storyboard in Resources */,
			);
			runOnlyForDeploymentPostprocessing = 0;
		};
		D8E2E86E1BC4324C00A3E0AF /* Resources */ = {
			isa = PBXResourcesBuildPhase;
			buildActionMask = 2147483647;
			files = (
			);
			runOnlyForDeploymentPostprocessing = 0;
		};
		D8E2E8791BC4324C00A3E0AF /* Resources */ = {
			isa = PBXResourcesBuildPhase;
			buildActionMask = 2147483647;
			files = (
			);
			runOnlyForDeploymentPostprocessing = 0;
		};
/* End PBXResourcesBuildPhase section */

/* Begin PBXSourcesBuildPhase section */
		D8E2E8531BC4324C00A3E0AF /* Sources */ = {
			isa = PBXSourcesBuildPhase;
			buildActionMask = 2147483647;
			files = (
				D8E2E8921BC4354000A3E0AF /* AnotherCustomClass.m in Sources */,
				D8E2E8621BC4324C00A3E0AF /* ViewController.m in Sources */,
				D8E2E85F1BC4324C00A3E0AF /* AppDelegate.m in Sources */,
				D8E2E88F1BC4325B00A3E0AF /* PoorNameCrapProject.m in Sources */,
				D8E2E85C1BC4324C00A3E0AF /* main.m in Sources */,
			);
			runOnlyForDeploymentPostprocessing = 0;
		};
		D8E2E86C1BC4324C00A3E0AF /* Sources */ = {
			isa = PBXSourcesBuildPhase;
			buildActionMask = 2147483647;
			files = (
				D8E2E8751BC4324C00A3E0AF /* WeekOneDayTwoTests.m in Sources */,
			);
			runOnlyForDeploymentPostprocessing = 0;
		};
		D8E2E8771BC4324C00A3E0AF /* Sources */ = {
			isa = PBXSourcesBuildPhase;
			buildActionMask = 2147483647;
			files = (
				D8E2E8801BC4324C00A3E0AF /* WeekOneDayTwoUITests.m in Sources */,
			);
			runOnlyForDeploymentPostprocessing = 0;
		};
/* End PBXSourcesBuildPhase section */

/* Begin PBXTargetDependency section */
		D8E2E8721BC4324C00A3E0AF /* PBXTargetDependency */ = {
			isa = PBXTargetDependency;
			target = D8E2E8561BC4324C00A3E0AF /* WeekOneDayTwo */;
			targetProxy = D8E2E8711BC4324C00A3E0AF /* PBXContainerItemProxy */;
		};
		D8E2E87D1BC4324C00A3E0AF /* PBXTargetDependency */ = {
			isa = PBXTargetDependency;
			target = D8E2E8561BC4324C00A3E0AF /* WeekOneDayTwo */;
			targetProxy = D8E2E87C1BC4324C00A3E0AF /* PBXContainerItemProxy */;
		};
/* End PBXTargetDependency section */

/* Begin PBXVariantGroup section */
		D8E2E8631BC4324C00A3E0AF /* Main.storyboard */ = {
			isa = PBXVariantGroup;
			children = (
				D8E2E8641BC4324C00A3E0AF /* Base */,
			);
			name = Main.storyboard;
			sourceTree = "<group>";
		};
		D8E2E8681BC4324C00A3E0AF /* LaunchScreen.storyboard */ = {
			isa = PBXVariantGroup;
			children = (
				D8E2E8691BC4324C00A3E0AF /* Base */,
			);
			name = LaunchScreen.storyboard;
			sourceTree = "<group>";
		};
/* End PBXVariantGroup section */

/* Begin XCBuildConfiguration section */
		D8E2E8821BC4324C00A3E0AF /* Debug */ = {
			isa = XCBuildConfiguration;
			buildSettings = {
				ALWAYS_SEARCH_USER_PATHS = NO;
				CLANG_CXX_LANGUAGE_STANDARD = "gnu++0x";
				CLANG_CXX_LIBRARY = "libc++";
				CLANG_ENABLE_MODULES = YES;
				CLANG_ENABLE_OBJC_ARC = YES;
				CLANG_WARN_BOOL_CONVERSION = YES;
				CLANG_WARN_CONSTANT_CONVERSION = YES;
				CLANG_WARN_DIRECT_OBJC_ISA_USAGE = YES_ERROR;
				CLANG_WARN_EMPTY_BODY = YES;
				CLANG_WARN_ENUM_CONVERSION = YES;
				CLANG_WARN_INT_CONVERSION = YES;
				CLANG_WARN_OBJC_ROOT_CLASS = YES_ERROR;
				CLANG_WARN_UNREACHABLE_CODE = YES;
				CLANG_WARN__DUPLICATE_METHOD_MATCH = YES;
				"CODE_SIGN_IDENTITY[sdk=iphoneos*]" = "iPhone Developer";
				COPY_PHASE_STRIP = NO;
				DEBUG_INFORMATION_FORMAT = dwarf;
				ENABLE_STRICT_OBJC_MSGSEND = YES;
				ENABLE_TESTABILITY = YES;
				GCC_C_LANGUAGE_STANDARD = gnu99;
				GCC_DYNAMIC_NO_PIC = NO;
				GCC_NO_COMMON_BLOCKS = YES;
				GCC_OPTIMIZATION_LEVEL = 0;
				GCC_PREPROCESSOR_DEFINITIONS = (
					"DEBUG=1",
					"$(inherited)",
				);
				GCC_WARN_64_TO_32_BIT_CONVERSION = YES;
				GCC_WARN_ABOUT_RETURN_TYPE = YES_ERROR;
				GCC_WARN_UNDECLARED_SELECTOR = YES;
				GCC_WARN_UNINITIALIZED_AUTOS = YES_AGGRESSIVE;
				GCC_WARN_UNUSED_FUNCTION = YES;
				GCC_WARN_UNUSED_VARIABLE = YES;
				IPHONEOS_DEPLOYMENT_TARGET = 9.0;
				MTL_ENABLE_DEBUG_INFO = YES;
				ONLY_ACTIVE_ARCH = YES;
				SDKROOT = iphoneos;
			};
			name = Debug;
		};
		D8E2E8831BC4324C00A3E0AF /* Release */ = {
			isa = XCBuildConfiguration;
			buildSettings = {
				ALWAYS_SEARCH_USER_PATHS = NO;
				CLANG_CXX_LANGUAGE_STANDARD = "gnu++0x";
				CLANG_CXX_LIBRARY = "libc++";
				CLANG_ENABLE_MODULES = YES;
				CLANG_ENABLE_OBJC_ARC = YES;
				CLANG_WARN_BOOL_CONVERSION = YES;
				CLANG_WARN_CONSTANT_CONVERSION = YES;
				CLANG_WARN_DIRECT_OBJC_ISA_USAGE = YES_ERROR;
				CLANG_WARN_EMPTY_BODY = YES;
				CLANG_WARN_ENUM_CONVERSION = YES;
				CLANG_WARN_INT_CONVERSION = YES;
				CLANG_WARN_OBJC_ROOT_CLASS = YES_ERROR;
				CLANG_WARN_UNREACHABLE_CODE = YES;
				CLANG_WARN__DUPLICATE_METHOD_MATCH = YES;
				"CODE_SIGN_IDENTITY[sdk=iphoneos*]" = "iPhone Developer";
				COPY_PHASE_STRIP = NO;
				DEBUG_INFORMATION_FORMAT = "dwarf-with-dsym";
				ENABLE_NS_ASSERTIONS = NO;
				ENABLE_STRICT_OBJC_MSGSEND = YES;
				GCC_C_LANGUAGE_STANDARD = gnu99;
				GCC_NO_COMMON_BLOCKS = YES;
				GCC_WARN_64_TO_32_BIT_CONVERSION = YES;
				GCC_WARN_ABOUT_RETURN_TYPE = YES_ERROR;
				GCC_WARN_UNDECLARED_SELECTOR = YES;
				GCC_WARN_UNINITIALIZED_AUTOS = YES_AGGRESSIVE;
				GCC_WARN_UNUSED_FUNCTION = YES;
				GCC_WARN_UNUSED_VARIABLE = YES;
				IPHONEOS_DEPLOYMENT_TARGET = 9.0;
				MTL_ENABLE_DEBUG_INFO = NO;
				SDKROOT = iphoneos;
				VALIDATE_PRODUCT = YES;
			};
			name = Release;
		};
		D8E2E8851BC4324C00A3E0AF /* Debug */ = {
			isa = XCBuildConfiguration;
			buildSettings = {
				ASSETCATALOG_COMPILER_APPICON_NAME = AppIcon;
				INFOPLIST_FILE = WeekOneDayTwo/Info.plist;
				LD_RUNPATH_SEARCH_PATHS = "$(inherited) @executable_path/Frameworks";
				PRODUCT_BUNDLE_IDENTIFIER = com.bitlore.WeekOneDayTwo;
				PRODUCT_NAME = "$(TARGET_NAME)";
			};
			name = Debug;
		};
		D8E2E8861BC4324C00A3E0AF /* Release */ = {
			isa = XCBuildConfiguration;
			buildSettings = {
				ASSETCATALOG_COMPILER_APPICON_NAME = AppIcon;
				INFOPLIST_FILE = WeekOneDayTwo/Info.plist;
				LD_RUNPATH_SEARCH_PATHS = "$(inherited) @executable_path/Frameworks";
				PRODUCT_BUNDLE_IDENTIFIER = com.bitlore.WeekOneDayTwo;
				PRODUCT_NAME = "$(TARGET_NAME)";
			};
			name = Release;
		};
		D8E2E8881BC4324C00A3E0AF /* Debug */ = {
			isa = XCBuildConfiguration;
			buildSettings = {
				BUNDLE_LOADER = "$(TEST_HOST)";
				INFOPLIST_FILE = WeekOneDayTwoTests/Info.plist;
				LD_RUNPATH_SEARCH_PATHS = "$(inherited) @executable_path/Frameworks @loader_path/Frameworks";
				PRODUCT_BUNDLE_IDENTIFIER = com.bitlore.WeekOneDayTwoTests;
				PRODUCT_NAME = "$(TARGET_NAME)";
				TEST_HOST = "$(BUILT_PRODUCTS_DIR)/WeekOneDayTwo.app/WeekOneDayTwo";
			};
			name = Debug;
		};
		D8E2E8891BC4324C00A3E0AF /* Release */ = {
			isa = XCBuildConfiguration;
			buildSettings = {
				BUNDLE_LOADER = "$(TEST_HOST)";
				INFOPLIST_FILE = WeekOneDayTwoTests/Info.plist;
				LD_RUNPATH_SEARCH_PATHS = "$(inherited) @executable_path/Frameworks @loader_path/Frameworks";
				PRODUCT_BUNDLE_IDENTIFIER = com.bitlore.WeekOneDayTwoTests;
				PRODUCT_NAME = "$(TARGET_NAME)";
				TEST_HOST = "$(BUILT_PRODUCTS_DIR)/WeekOneDayTwo.app/WeekOneDayTwo";
			};
			name = Release;
		};
		D8E2E88B1BC4324C00A3E0AF /* Debug */ = {
			isa = XCBuildConfiguration;
			buildSettings = {
				INFOPLIST_FILE = WeekOneDayTwoUITests/Info.plist;
				LD_RUNPATH_SEARCH_PATHS = "$(inherited) @executable_path/Frameworks @loader_path/Frameworks";
				PRODUCT_BUNDLE_IDENTIFIER = com.bitlore.WeekOneDayTwoUITests;
				PRODUCT_NAME = "$(TARGET_NAME)";
				TEST_TARGET_NAME = WeekOneDayTwo;
				USES_XCTRUNNER = YES;
			};
			name = Debug;
		};
		D8E2E88C1BC4324C00A3E0AF /* Release */ = {
			isa = XCBuildConfiguration;
			buildSettings = {
				INFOPLIST_FILE = WeekOneDayTwoUITests/Info.plist;
				LD_RUNPATH_SEARCH_PATHS = "$(inherited) @executable_path/Frameworks @loader_path/Frameworks";
				PRODUCT_BUNDLE_IDENTIFIER = com.bitlore.WeekOneDayTwoUITests;
				PRODUCT_NAME = "$(TARGET_NAME)";
				TEST_TARGET_NAME = WeekOneDayTwo;
				USES_XCTRUNNER = YES;
			};
			name = Release;
		};
/* End XCBuildConfiguration section */

/* Begin XCConfigurationList section */
		D8E2E8521BC4324C00A3E0AF /* Build configuration list for PBXProject "WeekOneDayTwo" */ = {
			isa = XCConfigurationList;
			buildConfigurations = (
				D8E2E8821BC4324C00A3E0AF /* Debug */,
				D8E2E8831BC4324C00A3E0AF /* Release */,
			);
			defaultConfigurationIsVisible = 0;
			defaultConfigurationName = Release;
		};
		D8E2E8841BC4324C00A3E0AF /* Build configuration list for PBXNativeTarget "WeekOneDayTwo" */ = {
			isa = XCConfigurationList;
			buildConfigurations = (
				D8E2E8851BC4324C00A3E0AF /* Debug */,
				D8E2E8861BC4324C00A3E0AF /* Release */,
			);
			defaultConfigurationIsVisible = 0;
		};
		D8E2E8871BC4324C00A3E0AF /* Build configuration list for PBXNativeTarget "WeekOneDayTwoTests" */ = {
			isa = XCConfigurationList;
			buildConfigurations = (
				D8E2E8881BC4324C00A3E0AF /* Debug */,
				D8E2E8891BC4324C00A3E0AF /* Release */,
			);
			defaultConfigurationIsVisible = 0;
		};
		D8E2E88A1BC4324C00A3E0AF /* Build configuration list for PBXNativeTarget "WeekOneDayTwoUITests" */ = {
			isa = XCConfigurationList;
			buildConfigurations = (
				D8E2E88B1BC4324C00A3E0AF /* Debug */,
				D8E2E88C1BC4324C00A3E0AF /* Release */,
			);
			defaultConfigurationIsVisible = 0;
		};
/* End XCConfigurationList section */
	};
	rootObject = D8E2E84F1BC4324C00A3E0AF /* Project object */;
}
