// !$*UTF8*$!
{
	archiveVersion = 1;
	classes = {
	};
	objectVersion = 46;
	objects = {

/* Begin PBXBuildFile section */
		D830B2A31BB9E73300D95AD7 /* main.m in Sources */ = {isa = PBXBuildFile; fileRef = D830B2A21BB9E73300D95AD7 /* main.m */; };
		D830B2A61BB9E73300D95AD7 /* AppDelegate.m in Sources */ = {isa = PBXBuildFile; fileRef = D830B2A51BB9E73300D95AD7 /* AppDelegate.m */; };
		D830B2A91BB9E73300D95AD7 /* ViewController.m in Sources */ = {isa = PBXBuildFile; fileRef = D830B2A81BB9E73300D95AD7 /* ViewController.m */; };
		D830B2AC1BB9E73300D95AD7 /* Main.storyboard in Resources */ = {isa = PBXBuildFile; fileRef = D830B2AA1BB9E73300D95AD7 /* Main.storyboard */; };
		D830B2AE1BB9E73300D95AD7 /* Assets.xcassets in Resources */ = {isa = PBXBuildFile; fileRef = D830B2AD1BB9E73300D95AD7 /* Assets.xcassets */; };
		D830B2B11BB9E73300D95AD7 /* LaunchScreen.storyboard in Resources */ = {isa = PBXBuildFile; fileRef = D830B2AF1BB9E73300D95AD7 /* LaunchScreen.storyboard */; };
		D830B2BC1BB9E73300D95AD7 /* GradePapersTests.m in Sources */ = {isa = PBXBuildFile; fileRef = D830B2BB1BB9E73300D95AD7 /* GradePapersTests.m */; };
		D830B2C71BB9E73300D95AD7 /* GradePapersUITests.m in Sources */ = {isa = PBXBuildFile; fileRef = D830B2C61BB9E73300D95AD7 /* GradePapersUITests.m */; };
/* End PBXBuildFile section */

/* Begin PBXContainerItemProxy section */
		D830B2B81BB9E73300D95AD7 /* PBXContainerItemProxy */ = {
			isa = PBXContainerItemProxy;
			containerPortal = D830B2961BB9E73300D95AD7 /* Project object */;
			proxyType = 1;
			remoteGlobalIDString = D830B29D1BB9E73300D95AD7;
			remoteInfo = GradePapers;
		};
		D830B2C31BB9E73300D95AD7 /* PBXContainerItemProxy */ = {
			isa = PBXContainerItemProxy;
			containerPortal = D830B2961BB9E73300D95AD7 /* Project object */;
			proxyType = 1;
			remoteGlobalIDString = D830B29D1BB9E73300D95AD7;
			remoteInfo = GradePapers;
		};
/* End PBXContainerItemProxy section */

/* Begin PBXFileReference section */
		D830B29E1BB9E73300D95AD7 /* GradePapers.app */ = {isa = PBXFileReference; explicitFileType = wrapper.application; includeInIndex = 0; path = GradePapers.app; sourceTree = BUILT_PRODUCTS_DIR; };
		D830B2A21BB9E73300D95AD7 /* main.m */ = {isa = PBXFileReference; lastKnownFileType = sourcecode.c.objc; path = main.m; sourceTree = "<group>"; };
		D830B2A41BB9E73300D95AD7 /* AppDelegate.h */ = {isa = PBXFileReference; lastKnownFileType = sourcecode.c.h; path = AppDelegate.h; sourceTree = "<group>"; };
		D830B2A51BB9E73300D95AD7 /* AppDelegate.m */ = {isa = PBXFileReference; lastKnownFileType = sourcecode.c.objc; path = AppDelegate.m; sourceTree = "<group>"; };
		D830B2A71BB9E73300D95AD7 /* ViewController.h */ = {isa = PBXFileReference; lastKnownFileType = sourcecode.c.h; path = ViewController.h; sourceTree = "<group>"; };
		D830B2A81BB9E73300D95AD7 /* ViewController.m */ = {isa = PBXFileReference; lastKnownFileType = sourcecode.c.objc; path = ViewController.m; sourceTree = "<group>"; };
		D830B2AB1BB9E73300D95AD7 /* Base */ = {isa = PBXFileReference; lastKnownFileType = file.storyboard; name = Base; path = Base.lproj/Main.storyboard; sourceTree = "<group>"; };
		D830B2AD1BB9E73300D95AD7 /* Assets.xcassets */ = {isa = PBXFileReference; lastKnownFileType = folder.assetcatalog; path = Assets.xcassets; sourceTree = "<group>"; };
		D830B2B01BB9E73300D95AD7 /* Base */ = {isa = PBXFileReference; lastKnownFileType = file.storyboard; name = Base; path = Base.lproj/LaunchScreen.storyboard; sourceTree = "<group>"; };
		D830B2B21BB9E73300D95AD7 /* Info.plist */ = {isa = PBXFileReference; lastKnownFileType = text.plist.xml; path = Info.plist; sourceTree = "<group>"; };
		D830B2B71BB9E73300D95AD7 /* GradePapersTests.xctest */ = {isa = PBXFileReference; explicitFileType = wrapper.cfbundle; includeInIndex = 0; path = GradePapersTests.xctest; sourceTree = BUILT_PRODUCTS_DIR; };
		D830B2BB1BB9E73300D95AD7 /* GradePapersTests.m */ = {isa = PBXFileReference; lastKnownFileType = sourcecode.c.objc; path = GradePapersTests.m; sourceTree = "<group>"; };
		D830B2BD1BB9E73300D95AD7 /* Info.plist */ = {isa = PBXFileReference; lastKnownFileType = text.plist.xml; path = Info.plist; sourceTree = "<group>"; };
		D830B2C21BB9E73300D95AD7 /* GradePapersUITests.xctest */ = {isa = PBXFileReference; explicitFileType = wrapper.cfbundle; includeInIndex = 0; path = GradePapersUITests.xctest; sourceTree = BUILT_PRODUCTS_DIR; };
		D830B2C61BB9E73300D95AD7 /* GradePapersUITests.m */ = {isa = PBXFileReference; lastKnownFileType = sourcecode.c.objc; path = GradePapersUITests.m; sourceTree = "<group>"; };
		D830B2C81BB9E73300D95AD7 /* Info.plist */ = {isa = PBXFileReference; lastKnownFileType = text.plist.xml; path = Info.plist; sourceTree = "<group>"; };
/* End PBXFileReference section */

/* Begin PBXFrameworksBuildPhase section */
		D830B29B1BB9E73300D95AD7 /* Frameworks */ = {
			isa = PBXFrameworksBuildPhase;
			buildActionMask = 2147483647;
			files = (
			);
			runOnlyForDeploymentPostprocessing = 0;
		};
		D830B2B41BB9E73300D95AD7 /* Frameworks */ = {
			isa = PBXFrameworksBuildPhase;
			buildActionMask = 2147483647;
			files = (
			);
			runOnlyForDeploymentPostprocessing = 0;
		};
		D830B2BF1BB9E73300D95AD7 /* Frameworks */ = {
			isa = PBXFrameworksBuildPhase;
			buildActionMask = 2147483647;
			files = (
			);
			runOnlyForDeploymentPostprocessing = 0;
		};
/* End PBXFrameworksBuildPhase section */

/* Begin PBXGroup section */
		D830B2951BB9E73300D95AD7 = {
			isa = PBXGroup;
			children = (
				D830B2A01BB9E73300D95AD7 /* GradePapers */,
				D830B2BA1BB9E73300D95AD7 /* GradePapersTests */,
				D830B2C51BB9E73300D95AD7 /* GradePapersUITests */,
				D830B29F1BB9E73300D95AD7 /* Products */,
			);
			sourceTree = "<group>";
		};
		D830B29F1BB9E73300D95AD7 /* Products */ = {
			isa = PBXGroup;
			children = (
				D830B29E1BB9E73300D95AD7 /* GradePapers.app */,
				D830B2B71BB9E73300D95AD7 /* GradePapersTests.xctest */,
				D830B2C21BB9E73300D95AD7 /* GradePapersUITests.xctest */,
			);
			name = Products;
			sourceTree = "<group>";
		};
		D830B2A01BB9E73300D95AD7 /* GradePapers */ = {
			isa = PBXGroup;
			children = (
				D830B2A41BB9E73300D95AD7 /* AppDelegate.h */,
				D830B2A51BB9E73300D95AD7 /* AppDelegate.m */,
				D830B2A71BB9E73300D95AD7 /* ViewController.h */,
				D830B2A81BB9E73300D95AD7 /* ViewController.m */,
				D830B2AA1BB9E73300D95AD7 /* Main.storyboard */,
				D830B2AD1BB9E73300D95AD7 /* Assets.xcassets */,
				D830B2AF1BB9E73300D95AD7 /* LaunchScreen.storyboard */,
				D830B2B21BB9E73300D95AD7 /* Info.plist */,
				D830B2A11BB9E73300D95AD7 /* Supporting Files */,
			);
			path = GradePapers;
			sourceTree = "<group>";
		};
		D830B2A11BB9E73300D95AD7 /* Supporting Files */ = {
			isa = PBXGroup;
			children = (
				D830B2A21BB9E73300D95AD7 /* main.m */,
			);
			name = "Supporting Files";
			sourceTree = "<group>";
		};
		D830B2BA1BB9E73300D95AD7 /* GradePapersTests */ = {
			isa = PBXGroup;
			children = (
				D830B2BB1BB9E73300D95AD7 /* GradePapersTests.m */,
				D830B2BD1BB9E73300D95AD7 /* Info.plist */,
			);
			path = GradePapersTests;
			sourceTree = "<group>";
		};
		D830B2C51BB9E73300D95AD7 /* GradePapersUITests */ = {
			isa = PBXGroup;
			children = (
				D830B2C61BB9E73300D95AD7 /* GradePapersUITests.m */,
				D830B2C81BB9E73300D95AD7 /* Info.plist */,
			);
			path = GradePapersUITests;
			sourceTree = "<group>";
		};
/* End PBXGroup section */

/* Begin PBXNativeTarget section */
		D830B29D1BB9E73300D95AD7 /* GradePapers */ = {
			isa = PBXNativeTarget;
			buildConfigurationList = D830B2CB1BB9E73300D95AD7 /* Build configuration list for PBXNativeTarget "GradePapers" */;
			buildPhases = (
				D830B29A1BB9E73300D95AD7 /* Sources */,
				D830B29B1BB9E73300D95AD7 /* Frameworks */,
				D830B29C1BB9E73300D95AD7 /* Resources */,
			);
			buildRules = (
			);
			dependencies = (
			);
			name = GradePapers;
			productName = GradePapers;
			productReference = D830B29E1BB9E73300D95AD7 /* GradePapers.app */;
			productType = "com.apple.product-type.application";
		};
		D830B2B61BB9E73300D95AD7 /* GradePapersTests */ = {
			isa = PBXNativeTarget;
			buildConfigurationList = D830B2CE1BB9E73300D95AD7 /* Build configuration list for PBXNativeTarget "GradePapersTests" */;
			buildPhases = (
				D830B2B31BB9E73300D95AD7 /* Sources */,
				D830B2B41BB9E73300D95AD7 /* Frameworks */,
				D830B2B51BB9E73300D95AD7 /* Resources */,
			);
			buildRules = (
			);
			dependencies = (
				D830B2B91BB9E73300D95AD7 /* PBXTargetDependency */,
			);
			name = GradePapersTests;
			productName = GradePapersTests;
			productReference = D830B2B71BB9E73300D95AD7 /* GradePapersTests.xctest */;
			productType = "com.apple.product-type.bundle.unit-test";
		};
		D830B2C11BB9E73300D95AD7 /* GradePapersUITests */ = {
			isa = PBXNativeTarget;
			buildConfigurationList = D830B2D11BB9E73300D95AD7 /* Build configuration list for PBXNativeTarget "GradePapersUITests" */;
			buildPhases = (
				D830B2BE1BB9E73300D95AD7 /* Sources */,
				D830B2BF1BB9E73300D95AD7 /* Frameworks */,
				D830B2C01BB9E73300D95AD7 /* Resources */,
			);
			buildRules = (
			);
			dependencies = (
				D830B2C41BB9E73300D95AD7 /* PBXTargetDependency */,
			);
			name = GradePapersUITests;
			productName = GradePapersUITests;
			productReference = D830B2C21BB9E73300D95AD7 /* GradePapersUITests.xctest */;
			productType = "com.apple.product-type.bundle.ui-testing";
		};
/* End PBXNativeTarget section */

/* Begin PBXProject section */
		D830B2961BB9E73300D95AD7 /* Project object */ = {
			isa = PBXProject;
			attributes = {
				LastUpgradeCheck = 0700;
				ORGANIZATIONNAME = "Bit Lore Institute";
				TargetAttributes = {
					D830B29D1BB9E73300D95AD7 = {
						CreatedOnToolsVersion = 7.0;
					};
					D830B2B61BB9E73300D95AD7 = {
						CreatedOnToolsVersion = 7.0;
						TestTargetID = D830B29D1BB9E73300D95AD7;
					};
					D830B2C11BB9E73300D95AD7 = {
						CreatedOnToolsVersion = 7.0;
						TestTargetID = D830B29D1BB9E73300D95AD7;
					};
				};
			};
			buildConfigurationList = D830B2991BB9E73300D95AD7 /* Build configuration list for PBXProject "GradePapers" */;
			compatibilityVersion = "Xcode 3.2";
			developmentRegion = English;
			hasScannedForEncodings = 0;
			knownRegions = (
				en,
				Base,
			);
			mainGroup = D830B2951BB9E73300D95AD7;
			productRefGroup = D830B29F1BB9E73300D95AD7 /* Products */;
			projectDirPath = "";
			projectRoot = "";
			targets = (
				D830B29D1BB9E73300D95AD7 /* GradePapers */,
				D830B2B61BB9E73300D95AD7 /* GradePapersTests */,
				D830B2C11BB9E73300D95AD7 /* GradePapersUITests */,
			);
		};
/* End PBXProject section */

/* Begin PBXResourcesBuildPhase section */
		D830B29C1BB9E73300D95AD7 /* Resources */ = {
			isa = PBXResourcesBuildPhase;
			buildActionMask = 2147483647;
			files = (
				D830B2B11BB9E73300D95AD7 /* LaunchScreen.storyboard in Resources */,
				D830B2AE1BB9E73300D95AD7 /* Assets.xcassets in Resources */,
				D830B2AC1BB9E73300D95AD7 /* Main.storyboard in Resources */,
			);
			runOnlyForDeploymentPostprocessing = 0;
		};
		D830B2B51BB9E73300D95AD7 /* Resources */ = {
			isa = PBXResourcesBuildPhase;
			buildActionMask = 2147483647;
			files = (
			);
			runOnlyForDeploymentPostprocessing = 0;
		};
		D830B2C01BB9E73300D95AD7 /* Resources */ = {
			isa = PBXResourcesBuildPhase;
			buildActionMask = 2147483647;
			files = (
			);
			runOnlyForDeploymentPostprocessing = 0;
		};
/* End PBXResourcesBuildPhase section */

/* Begin PBXSourcesBuildPhase section */
		D830B29A1BB9E73300D95AD7 /* Sources */ = {
			isa = PBXSourcesBuildPhase;
			buildActionMask = 2147483647;
			files = (
				D830B2A91BB9E73300D95AD7 /* ViewController.m in Sources */,
				D830B2A61BB9E73300D95AD7 /* AppDelegate.m in Sources */,
				D830B2A31BB9E73300D95AD7 /* main.m in Sources */,
			);
			runOnlyForDeploymentPostprocessing = 0;
		};
		D830B2B31BB9E73300D95AD7 /* Sources */ = {
			isa = PBXSourcesBuildPhase;
			buildActionMask = 2147483647;
			files = (
				D830B2BC1BB9E73300D95AD7 /* GradePapersTests.m in Sources */,
			);
			runOnlyForDeploymentPostprocessing = 0;
		};
		D830B2BE1BB9E73300D95AD7 /* Sources */ = {
			isa = PBXSourcesBuildPhase;
			buildActionMask = 2147483647;
			files = (
				D830B2C71BB9E73300D95AD7 /* GradePapersUITests.m in Sources */,
			);
			runOnlyForDeploymentPostprocessing = 0;
		};
/* End PBXSourcesBuildPhase section */

/* Begin PBXTargetDependency section */
		D830B2B91BB9E73300D95AD7 /* PBXTargetDependency */ = {
			isa = PBXTargetDependency;
			target = D830B29D1BB9E73300D95AD7 /* GradePapers */;
			targetProxy = D830B2B81BB9E73300D95AD7 /* PBXContainerItemProxy */;
		};
		D830B2C41BB9E73300D95AD7 /* PBXTargetDependency */ = {
			isa = PBXTargetDependency;
			target = D830B29D1BB9E73300D95AD7 /* GradePapers */;
			targetProxy = D830B2C31BB9E73300D95AD7 /* PBXContainerItemProxy */;
		};
/* End PBXTargetDependency section */

/* Begin PBXVariantGroup section */
		D830B2AA1BB9E73300D95AD7 /* Main.storyboard */ = {
			isa = PBXVariantGroup;
			children = (
				D830B2AB1BB9E73300D95AD7 /* Base */,
			);
			name = Main.storyboard;
			sourceTree = "<group>";
		};
		D830B2AF1BB9E73300D95AD7 /* LaunchScreen.storyboard */ = {
			isa = PBXVariantGroup;
			children = (
				D830B2B01BB9E73300D95AD7 /* Base */,
			);
			name = LaunchScreen.storyboard;
			sourceTree = "<group>";
		};
/* End PBXVariantGroup section */

/* Begin XCBuildConfiguration section */
		D830B2C91BB9E73300D95AD7 /* Debug */ = {
			isa = XCBuildConfiguration;
			buildSettings = {
				ALWAYS_SEARCH_USER_PATHS = NO;
				CLANG_CXX_LANGUAGE_STANDARD = "gnu++0x";
				CLANG_CXX_LIBRARY = "libc++";
				CLANG_ENABLE_MODULES = YES;
				CLANG_ENABLE_OBJC_ARC = YES;
				CLANG_WARN_BOOL_CONVERSION = YES;
				CLANG_WARN_CONSTANT_CONVERSION = YES;
				CLANG_WARN_DIRECT_OBJC_ISA_USAGE = YES_ERROR;
				CLANG_WARN_EMPTY_BODY = YES;
				CLANG_WARN_ENUM_CONVERSION = YES;
				CLANG_WARN_INT_CONVERSION = YES;
				CLANG_WARN_OBJC_ROOT_CLASS = YES_ERROR;
				CLANG_WARN_UNREACHABLE_CODE = YES;
				CLANG_WARN__DUPLICATE_METHOD_MATCH = YES;
				"CODE_SIGN_IDENTITY[sdk=iphoneos*]" = "iPhone Developer";
				COPY_PHASE_STRIP = NO;
				DEBUG_INFORMATION_FORMAT = dwarf;
				ENABLE_STRICT_OBJC_MSGSEND = YES;
				ENABLE_TESTABILITY = YES;
				GCC_C_LANGUAGE_STANDARD = gnu99;
				GCC_DYNAMIC_NO_PIC = NO;
				GCC_NO_COMMON_BLOCKS = YES;
				GCC_OPTIMIZATION_LEVEL = 0;
				GCC_PREPROCESSOR_DEFINITIONS = (
					"DEBUG=1",
					"$(inherited)",
				);
				GCC_WARN_64_TO_32_BIT_CONVERSION = YES;
				GCC_WARN_ABOUT_RETURN_TYPE = YES_ERROR;
				GCC_WARN_UNDECLARED_SELECTOR = YES;
				GCC_WARN_UNINITIALIZED_AUTOS = YES_AGGRESSIVE;
				GCC_WARN_UNUSED_FUNCTION = YES;
				GCC_WARN_UNUSED_VARIABLE = YES;
				IPHONEOS_DEPLOYMENT_TARGET = 9.0;
				MTL_ENABLE_DEBUG_INFO = YES;
				ONLY_ACTIVE_ARCH = YES;
				SDKROOT = iphoneos;
			};
			name = Debug;
		};
		D830B2CA1BB9E73300D95AD7 /* Release */ = {
			isa = XCBuildConfiguration;
			buildSettings = {
				ALWAYS_SEARCH_USER_PATHS = NO;
				CLANG_CXX_LANGUAGE_STANDARD = "gnu++0x";
				CLANG_CXX_LIBRARY = "libc++";
				CLANG_ENABLE_MODULES = YES;
				CLANG_ENABLE_OBJC_ARC = YES;
				CLANG_WARN_BOOL_CONVERSION = YES;
				CLANG_WARN_CONSTANT_CONVERSION = YES;
				CLANG_WARN_DIRECT_OBJC_ISA_USAGE = YES_ERROR;
				CLANG_WARN_EMPTY_BODY = YES;
				CLANG_WARN_ENUM_CONVERSION = YES;
				CLANG_WARN_INT_CONVERSION = YES;
				CLANG_WARN_OBJC_ROOT_CLASS = YES_ERROR;
				CLANG_WARN_UNREACHABLE_CODE = YES;
				CLANG_WARN__DUPLICATE_METHOD_MATCH = YES;
				"CODE_SIGN_IDENTITY[sdk=iphoneos*]" = "iPhone Developer";
				COPY_PHASE_STRIP = NO;
				DEBUG_INFORMATION_FORMAT = "dwarf-with-dsym";
				ENABLE_NS_ASSERTIONS = NO;
				ENABLE_STRICT_OBJC_MSGSEND = YES;
				GCC_C_LANGUAGE_STANDARD = gnu99;
				GCC_NO_COMMON_BLOCKS = YES;
				GCC_WARN_64_TO_32_BIT_CONVERSION = YES;
				GCC_WARN_ABOUT_RETURN_TYPE = YES_ERROR;
				GCC_WARN_UNDECLARED_SELECTOR = YES;
				GCC_WARN_UNINITIALIZED_AUTOS = YES_AGGRESSIVE;
				GCC_WARN_UNUSED_FUNCTION = YES;
				GCC_WARN_UNUSED_VARIABLE = YES;
				IPHONEOS_DEPLOYMENT_TARGET = 9.0;
				MTL_ENABLE_DEBUG_INFO = NO;
				SDKROOT = iphoneos;
				VALIDATE_PRODUCT = YES;
			};
			name = Release;
		};
		D830B2CC1BB9E73300D95AD7 /* Debug */ = {
			isa = XCBuildConfiguration;
			buildSettings = {
				ASSETCATALOG_COMPILER_APPICON_NAME = AppIcon;
				INFOPLIST_FILE = GradePapers/Info.plist;
				LD_RUNPATH_SEARCH_PATHS = "$(inherited) @executable_path/Frameworks";
				PRODUCT_BUNDLE_IDENTIFIER = com.bitlore.GradePapers;
				PRODUCT_NAME = "$(TARGET_NAME)";
			};
			name = Debug;
		};
		D830B2CD1BB9E73300D95AD7 /* Release */ = {
			isa = XCBuildConfiguration;
			buildSettings = {
				ASSETCATALOG_COMPILER_APPICON_NAME = AppIcon;
				INFOPLIST_FILE = GradePapers/Info.plist;
				LD_RUNPATH_SEARCH_PATHS = "$(inherited) @executable_path/Frameworks";
				PRODUCT_BUNDLE_IDENTIFIER = com.bitlore.GradePapers;
				PRODUCT_NAME = "$(TARGET_NAME)";
			};
			name = Release;
		};
		D830B2CF1BB9E73300D95AD7 /* Debug */ = {
			isa = XCBuildConfiguration;
			buildSettings = {
				BUNDLE_LOADER = "$(TEST_HOST)";
				INFOPLIST_FILE = GradePapersTests/Info.plist;
				LD_RUNPATH_SEARCH_PATHS = "$(inherited) @executable_path/Frameworks @loader_path/Frameworks";
				PRODUCT_BUNDLE_IDENTIFIER = com.bitlore.GradePapersTests;
				PRODUCT_NAME = "$(TARGET_NAME)";
				TEST_HOST = "$(BUILT_PRODUCTS_DIR)/GradePapers.app/GradePapers";
			};
			name = Debug;
		};
		D830B2D01BB9E73300D95AD7 /* Release */ = {
			isa = XCBuildConfiguration;
			buildSettings = {
				BUNDLE_LOADER = "$(TEST_HOST)";
				INFOPLIST_FILE = GradePapersTests/Info.plist;
				LD_RUNPATH_SEARCH_PATHS = "$(inherited) @executable_path/Frameworks @loader_path/Frameworks";
				PRODUCT_BUNDLE_IDENTIFIER = com.bitlore.GradePapersTests;
				PRODUCT_NAME = "$(TARGET_NAME)";
				TEST_HOST = "$(BUILT_PRODUCTS_DIR)/GradePapers.app/GradePapers";
			};
			name = Release;
		};
		D830B2D21BB9E73300D95AD7 /* Debug */ = {
			isa = XCBuildConfiguration;
			buildSettings = {
				INFOPLIST_FILE = GradePapersUITests/Info.plist;
				LD_RUNPATH_SEARCH_PATHS = "$(inherited) @executable_path/Frameworks @loader_path/Frameworks";
				PRODUCT_BUNDLE_IDENTIFIER = com.bitlore.GradePapersUITests;
				PRODUCT_NAME = "$(TARGET_NAME)";
				TEST_TARGET_NAME = GradePapers;
				USES_XCTRUNNER = YES;
			};
			name = Debug;
		};
		D830B2D31BB9E73300D95AD7 /* Release */ = {
			isa = XCBuildConfiguration;
			buildSettings = {
				INFOPLIST_FILE = GradePapersUITests/Info.plist;
				LD_RUNPATH_SEARCH_PATHS = "$(inherited) @executable_path/Frameworks @loader_path/Frameworks";
				PRODUCT_BUNDLE_IDENTIFIER = com.bitlore.GradePapersUITests;
				PRODUCT_NAME = "$(TARGET_NAME)";
				TEST_TARGET_NAME = GradePapers;
				USES_XCTRUNNER = YES;
			};
			name = Release;
		};
/* End XCBuildConfiguration section */

/* Begin XCConfigurationList section */
		D830B2991BB9E73300D95AD7 /* Build configuration list for PBXProject "GradePapers" */ = {
			isa = XCConfigurationList;
			buildConfigurations = (
				D830B2C91BB9E73300D95AD7 /* Debug */,
				D830B2CA1BB9E73300D95AD7 /* Release */,
			);
			defaultConfigurationIsVisible = 0;
			defaultConfigurationName = Release;
		};
		D830B2CB1BB9E73300D95AD7 /* Build configuration list for PBXNativeTarget "GradePapers" */ = {
			isa = XCConfigurationList;
			buildConfigurations = (
				D830B2CC1BB9E73300D95AD7 /* Debug */,
				D830B2CD1BB9E73300D95AD7 /* Release */,
			);
			defaultConfigurationIsVisible = 0;
		};
		D830B2CE1BB9E73300D95AD7 /* Build configuration list for PBXNativeTarget "GradePapersTests" */ = {
			isa = XCConfigurationList;
			buildConfigurations = (
				D830B2CF1BB9E73300D95AD7 /* Debug */,
				D830B2D01BB9E73300D95AD7 /* Release */,
			);
			defaultConfigurationIsVisible = 0;
		};
		D830B2D11BB9E73300D95AD7 /* Build configuration list for PBXNativeTarget "GradePapersUITests" */ = {
			isa = XCConfigurationList;
			buildConfigurations = (
				D830B2D21BB9E73300D95AD7 /* Debug */,
				D830B2D31BB9E73300D95AD7 /* Release */,
			);
			defaultConfigurationIsVisible = 0;
		};
/* End XCConfigurationList section */
	};
	rootObject = D830B2961BB9E73300D95AD7 /* Project object */;
}
