// !$*UTF8*$!
{
	archiveVersion = 1;
	classes = {
	};
	objectVersion = 46;
	objects = {

/* Begin PBXBuildFile section */
		D82FBC301BC6D406009E5320 /* main.m in Sources */ = {isa = PBXBuildFile; fileRef = D82FBC2F1BC6D406009E5320 /* main.m */; };
		D82FBC331BC6D406009E5320 /* AppDelegate.m in Sources */ = {isa = PBXBuildFile; fileRef = D82FBC321BC6D406009E5320 /* AppDelegate.m */; };
		D82FBC361BC6D406009E5320 /* ViewController.m in Sources */ = {isa = PBXBuildFile; fileRef = D82FBC351BC6D406009E5320 /* ViewController.m */; };
		D82FBC391BC6D406009E5320 /* Main.storyboard in Resources */ = {isa = PBXBuildFile; fileRef = D82FBC371BC6D406009E5320 /* Main.storyboard */; };
		D82FBC3B1BC6D406009E5320 /* Assets.xcassets in Resources */ = {isa = PBXBuildFile; fileRef = D82FBC3A1BC6D406009E5320 /* Assets.xcassets */; };
		D82FBC3E1BC6D406009E5320 /* LaunchScreen.storyboard in Resources */ = {isa = PBXBuildFile; fileRef = D82FBC3C1BC6D406009E5320 /* LaunchScreen.storyboard */; };
		D82FBC491BC6D406009E5320 /* WeekTwoDayFourTests.m in Sources */ = {isa = PBXBuildFile; fileRef = D82FBC481BC6D406009E5320 /* WeekTwoDayFourTests.m */; };
		D82FBC541BC6D406009E5320 /* WeekTwoDayFourUITests.m in Sources */ = {isa = PBXBuildFile; fileRef = D82FBC531BC6D406009E5320 /* WeekTwoDayFourUITests.m */; };
/* End PBXBuildFile section */

/* Begin PBXContainerItemProxy section */
		D82FBC451BC6D406009E5320 /* PBXContainerItemProxy */ = {
			isa = PBXContainerItemProxy;
			containerPortal = D82FBC231BC6D406009E5320 /* Project object */;
			proxyType = 1;
			remoteGlobalIDString = D82FBC2A1BC6D406009E5320;
			remoteInfo = WeekTwoDayFour;
		};
		D82FBC501BC6D406009E5320 /* PBXContainerItemProxy */ = {
			isa = PBXContainerItemProxy;
			containerPortal = D82FBC231BC6D406009E5320 /* Project object */;
			proxyType = 1;
			remoteGlobalIDString = D82FBC2A1BC6D406009E5320;
			remoteInfo = WeekTwoDayFour;
		};
/* End PBXContainerItemProxy section */

/* Begin PBXFileReference section */
		D82FBC2B1BC6D406009E5320 /* WeekTwoDayFour.app */ = {isa = PBXFileReference; explicitFileType = wrapper.application; includeInIndex = 0; path = WeekTwoDayFour.app; sourceTree = BUILT_PRODUCTS_DIR; };
		D82FBC2F1BC6D406009E5320 /* main.m */ = {isa = PBXFileReference; lastKnownFileType = sourcecode.c.objc; path = main.m; sourceTree = "<group>"; };
		D82FBC311BC6D406009E5320 /* AppDelegate.h */ = {isa = PBXFileReference; lastKnownFileType = sourcecode.c.h; path = AppDelegate.h; sourceTree = "<group>"; };
		D82FBC321BC6D406009E5320 /* AppDelegate.m */ = {isa = PBXFileReference; lastKnownFileType = sourcecode.c.objc; path = AppDelegate.m; sourceTree = "<group>"; };
		D82FBC341BC6D406009E5320 /* ViewController.h */ = {isa = PBXFileReference; lastKnownFileType = sourcecode.c.h; path = ViewController.h; sourceTree = "<group>"; };
		D82FBC351BC6D406009E5320 /* ViewController.m */ = {isa = PBXFileReference; lastKnownFileType = sourcecode.c.objc; path = ViewController.m; sourceTree = "<group>"; };
		D82FBC381BC6D406009E5320 /* Base */ = {isa = PBXFileReference; lastKnownFileType = file.storyboard; name = Base; path = Base.lproj/Main.storyboard; sourceTree = "<group>"; };
		D82FBC3A1BC6D406009E5320 /* Assets.xcassets */ = {isa = PBXFileReference; lastKnownFileType = folder.assetcatalog; path = Assets.xcassets; sourceTree = "<group>"; };
		D82FBC3D1BC6D406009E5320 /* Base */ = {isa = PBXFileReference; lastKnownFileType = file.storyboard; name = Base; path = Base.lproj/LaunchScreen.storyboard; sourceTree = "<group>"; };
		D82FBC3F1BC6D406009E5320 /* Info.plist */ = {isa = PBXFileReference; lastKnownFileType = text.plist.xml; path = Info.plist; sourceTree = "<group>"; };
		D82FBC441BC6D406009E5320 /* WeekTwoDayFourTests.xctest */ = {isa = PBXFileReference; explicitFileType = wrapper.cfbundle; includeInIndex = 0; path = WeekTwoDayFourTests.xctest; sourceTree = BUILT_PRODUCTS_DIR; };
		D82FBC481BC6D406009E5320 /* WeekTwoDayFourTests.m */ = {isa = PBXFileReference; lastKnownFileType = sourcecode.c.objc; path = WeekTwoDayFourTests.m; sourceTree = "<group>"; };
		D82FBC4A1BC6D406009E5320 /* Info.plist */ = {isa = PBXFileReference; lastKnownFileType = text.plist.xml; path = Info.plist; sourceTree = "<group>"; };
		D82FBC4F1BC6D406009E5320 /* WeekTwoDayFourUITests.xctest */ = {isa = PBXFileReference; explicitFileType = wrapper.cfbundle; includeInIndex = 0; path = WeekTwoDayFourUITests.xctest; sourceTree = BUILT_PRODUCTS_DIR; };
		D82FBC531BC6D406009E5320 /* WeekTwoDayFourUITests.m */ = {isa = PBXFileReference; lastKnownFileType = sourcecode.c.objc; path = WeekTwoDayFourUITests.m; sourceTree = "<group>"; };
		D82FBC551BC6D406009E5320 /* Info.plist */ = {isa = PBXFileReference; lastKnownFileType = text.plist.xml; path = Info.plist; sourceTree = "<group>"; };
/* End PBXFileReference section */

/* Begin PBXFrameworksBuildPhase section */
		D82FBC281BC6D406009E5320 /* Frameworks */ = {
			isa = PBXFrameworksBuildPhase;
			buildActionMask = 2147483647;
			files = (
			);
			runOnlyForDeploymentPostprocessing = 0;
		};
		D82FBC411BC6D406009E5320 /* Frameworks */ = {
			isa = PBXFrameworksBuildPhase;
			buildActionMask = 2147483647;
			files = (
			);
			runOnlyForDeploymentPostprocessing = 0;
		};
		D82FBC4C1BC6D406009E5320 /* Frameworks */ = {
			isa = PBXFrameworksBuildPhase;
			buildActionMask = 2147483647;
			files = (
			);
			runOnlyForDeploymentPostprocessing = 0;
		};
/* End PBXFrameworksBuildPhase section */

/* Begin PBXGroup section */
		D82FBC221BC6D406009E5320 = {
			isa = PBXGroup;
			children = (
				D82FBC2D1BC6D406009E5320 /* WeekTwoDayFour */,
				D82FBC471BC6D406009E5320 /* WeekTwoDayFourTests */,
				D82FBC521BC6D406009E5320 /* WeekTwoDayFourUITests */,
				D82FBC2C1BC6D406009E5320 /* Products */,
			);
			sourceTree = "<group>";
		};
		D82FBC2C1BC6D406009E5320 /* Products */ = {
			isa = PBXGroup;
			children = (
				D82FBC2B1BC6D406009E5320 /* WeekTwoDayFour.app */,
				D82FBC441BC6D406009E5320 /* WeekTwoDayFourTests.xctest */,
				D82FBC4F1BC6D406009E5320 /* WeekTwoDayFourUITests.xctest */,
			);
			name = Products;
			sourceTree = "<group>";
		};
		D82FBC2D1BC6D406009E5320 /* WeekTwoDayFour */ = {
			isa = PBXGroup;
			children = (
				D82FBC311BC6D406009E5320 /* AppDelegate.h */,
				D82FBC321BC6D406009E5320 /* AppDelegate.m */,
				D82FBC341BC6D406009E5320 /* ViewController.h */,
				D82FBC351BC6D406009E5320 /* ViewController.m */,
				D82FBC371BC6D406009E5320 /* Main.storyboard */,
				D82FBC3A1BC6D406009E5320 /* Assets.xcassets */,
				D82FBC3C1BC6D406009E5320 /* LaunchScreen.storyboard */,
				D82FBC3F1BC6D406009E5320 /* Info.plist */,
				D82FBC2E1BC6D406009E5320 /* Supporting Files */,
			);
			path = WeekTwoDayFour;
			sourceTree = "<group>";
		};
		D82FBC2E1BC6D406009E5320 /* Supporting Files */ = {
			isa = PBXGroup;
			children = (
				D82FBC2F1BC6D406009E5320 /* main.m */,
			);
			name = "Supporting Files";
			sourceTree = "<group>";
		};
		D82FBC471BC6D406009E5320 /* WeekTwoDayFourTests */ = {
			isa = PBXGroup;
			children = (
				D82FBC481BC6D406009E5320 /* WeekTwoDayFourTests.m */,
				D82FBC4A1BC6D406009E5320 /* Info.plist */,
			);
			path = WeekTwoDayFourTests;
			sourceTree = "<group>";
		};
		D82FBC521BC6D406009E5320 /* WeekTwoDayFourUITests */ = {
			isa = PBXGroup;
			children = (
				D82FBC531BC6D406009E5320 /* WeekTwoDayFourUITests.m */,
				D82FBC551BC6D406009E5320 /* Info.plist */,
			);
			path = WeekTwoDayFourUITests;
			sourceTree = "<group>";
		};
/* End PBXGroup section */

/* Begin PBXNativeTarget section */
		D82FBC2A1BC6D406009E5320 /* WeekTwoDayFour */ = {
			isa = PBXNativeTarget;
			buildConfigurationList = D82FBC581BC6D406009E5320 /* Build configuration list for PBXNativeTarget "WeekTwoDayFour" */;
			buildPhases = (
				D82FBC271BC6D406009E5320 /* Sources */,
				D82FBC281BC6D406009E5320 /* Frameworks */,
				D82FBC291BC6D406009E5320 /* Resources */,
			);
			buildRules = (
			);
			dependencies = (
			);
			name = WeekTwoDayFour;
			productName = WeekTwoDayFour;
			productReference = D82FBC2B1BC6D406009E5320 /* WeekTwoDayFour.app */;
			productType = "com.apple.product-type.application";
		};
		D82FBC431BC6D406009E5320 /* WeekTwoDayFourTests */ = {
			isa = PBXNativeTarget;
			buildConfigurationList = D82FBC5B1BC6D406009E5320 /* Build configuration list for PBXNativeTarget "WeekTwoDayFourTests" */;
			buildPhases = (
				D82FBC401BC6D406009E5320 /* Sources */,
				D82FBC411BC6D406009E5320 /* Frameworks */,
				D82FBC421BC6D406009E5320 /* Resources */,
			);
			buildRules = (
			);
			dependencies = (
				D82FBC461BC6D406009E5320 /* PBXTargetDependency */,
			);
			name = WeekTwoDayFourTests;
			productName = WeekTwoDayFourTests;
			productReference = D82FBC441BC6D406009E5320 /* WeekTwoDayFourTests.xctest */;
			productType = "com.apple.product-type.bundle.unit-test";
		};
		D82FBC4E1BC6D406009E5320 /* WeekTwoDayFourUITests */ = {
			isa = PBXNativeTarget;
			buildConfigurationList = D82FBC5E1BC6D406009E5320 /* Build configuration list for PBXNativeTarget "WeekTwoDayFourUITests" */;
			buildPhases = (
				D82FBC4B1BC6D406009E5320 /* Sources */,
				D82FBC4C1BC6D406009E5320 /* Frameworks */,
				D82FBC4D1BC6D406009E5320 /* Resources */,
			);
			buildRules = (
			);
			dependencies = (
				D82FBC511BC6D406009E5320 /* PBXTargetDependency */,
			);
			name = WeekTwoDayFourUITests;
			productName = WeekTwoDayFourUITests;
			productReference = D82FBC4F1BC6D406009E5320 /* WeekTwoDayFourUITests.xctest */;
			productType = "com.apple.product-type.bundle.ui-testing";
		};
/* End PBXNativeTarget section */

/* Begin PBXProject section */
		D82FBC231BC6D406009E5320 /* Project object */ = {
			isa = PBXProject;
			attributes = {
				LastUpgradeCheck = 0700;
				ORGANIZATIONNAME = "Bit Lore Institute";
				TargetAttributes = {
					D82FBC2A1BC6D406009E5320 = {
						CreatedOnToolsVersion = 7.0.1;
						DevelopmentTeam = H8T743Z4MU;
					};
					D82FBC431BC6D406009E5320 = {
						CreatedOnToolsVersion = 7.0.1;
						DevelopmentTeam = H8T743Z4MU;
						TestTargetID = D82FBC2A1BC6D406009E5320;
					};
					D82FBC4E1BC6D406009E5320 = {
						CreatedOnToolsVersion = 7.0.1;
						DevelopmentTeam = H8T743Z4MU;
						TestTargetID = D82FBC2A1BC6D406009E5320;
					};
				};
			};
			buildConfigurationList = D82FBC261BC6D406009E5320 /* Build configuration list for PBXProject "WeekTwoDayFour" */;
			compatibilityVersion = "Xcode 3.2";
			developmentRegion = English;
			hasScannedForEncodings = 0;
			knownRegions = (
				en,
				Base,
			);
			mainGroup = D82FBC221BC6D406009E5320;
			productRefGroup = D82FBC2C1BC6D406009E5320 /* Products */;
			projectDirPath = "";
			projectRoot = "";
			targets = (
				D82FBC2A1BC6D406009E5320 /* WeekTwoDayFour */,
				D82FBC431BC6D406009E5320 /* WeekTwoDayFourTests */,
				D82FBC4E1BC6D406009E5320 /* WeekTwoDayFourUITests */,
			);
		};
/* End PBXProject section */

/* Begin PBXResourcesBuildPhase section */
		D82FBC291BC6D406009E5320 /* Resources */ = {
			isa = PBXResourcesBuildPhase;
			buildActionMask = 2147483647;
			files = (
				D82FBC3E1BC6D406009E5320 /* LaunchScreen.storyboard in Resources */,
				D82FBC3B1BC6D406009E5320 /* Assets.xcassets in Resources */,
				D82FBC391BC6D406009E5320 /* Main.storyboard in Resources */,
			);
			runOnlyForDeploymentPostprocessing = 0;
		};
		D82FBC421BC6D406009E5320 /* Resources */ = {
			isa = PBXResourcesBuildPhase;
			buildActionMask = 2147483647;
			files = (
			);
			runOnlyForDeploymentPostprocessing = 0;
		};
		D82FBC4D1BC6D406009E5320 /* Resources */ = {
			isa = PBXResourcesBuildPhase;
			buildActionMask = 2147483647;
			files = (
			);
			runOnlyForDeploymentPostprocessing = 0;
		};
/* End PBXResourcesBuildPhase section */

/* Begin PBXSourcesBuildPhase section */
		D82FBC271BC6D406009E5320 /* Sources */ = {
			isa = PBXSourcesBuildPhase;
			buildActionMask = 2147483647;
			files = (
				D82FBC361BC6D406009E5320 /* ViewController.m in Sources */,
				D82FBC331BC6D406009E5320 /* AppDelegate.m in Sources */,
				D82FBC301BC6D406009E5320 /* main.m in Sources */,
			);
			runOnlyForDeploymentPostprocessing = 0;
		};
		D82FBC401BC6D406009E5320 /* Sources */ = {
			isa = PBXSourcesBuildPhase;
			buildActionMask = 2147483647;
			files = (
				D82FBC491BC6D406009E5320 /* WeekTwoDayFourTests.m in Sources */,
			);
			runOnlyForDeploymentPostprocessing = 0;
		};
		D82FBC4B1BC6D406009E5320 /* Sources */ = {
			isa = PBXSourcesBuildPhase;
			buildActionMask = 2147483647;
			files = (
				D82FBC541BC6D406009E5320 /* WeekTwoDayFourUITests.m in Sources */,
			);
			runOnlyForDeploymentPostprocessing = 0;
		};
/* End PBXSourcesBuildPhase section */

/* Begin PBXTargetDependency section */
		D82FBC461BC6D406009E5320 /* PBXTargetDependency */ = {
			isa = PBXTargetDependency;
			target = D82FBC2A1BC6D406009E5320 /* WeekTwoDayFour */;
			targetProxy = D82FBC451BC6D406009E5320 /* PBXContainerItemProxy */;
		};
		D82FBC511BC6D406009E5320 /* PBXTargetDependency */ = {
			isa = PBXTargetDependency;
			target = D82FBC2A1BC6D406009E5320 /* WeekTwoDayFour */;
			targetProxy = D82FBC501BC6D406009E5320 /* PBXContainerItemProxy */;
		};
/* End PBXTargetDependency section */

/* Begin PBXVariantGroup section */
		D82FBC371BC6D406009E5320 /* Main.storyboard */ = {
			isa = PBXVariantGroup;
			children = (
				D82FBC381BC6D406009E5320 /* Base */,
			);
			name = Main.storyboard;
			sourceTree = "<group>";
		};
		D82FBC3C1BC6D406009E5320 /* LaunchScreen.storyboard */ = {
			isa = PBXVariantGroup;
			children = (
				D82FBC3D1BC6D406009E5320 /* Base */,
			);
			name = LaunchScreen.storyboard;
			sourceTree = "<group>";
		};
/* End PBXVariantGroup section */

/* Begin XCBuildConfiguration section */
		D82FBC561BC6D406009E5320 /* Debug */ = {
			isa = XCBuildConfiguration;
			buildSettings = {
				ALWAYS_SEARCH_USER_PATHS = NO;
				CLANG_CXX_LANGUAGE_STANDARD = "gnu++0x";
				CLANG_CXX_LIBRARY = "libc++";
				CLANG_ENABLE_MODULES = YES;
				CLANG_ENABLE_OBJC_ARC = YES;
				CLANG_WARN_BOOL_CONVERSION = YES;
				CLANG_WARN_CONSTANT_CONVERSION = YES;
				CLANG_WARN_DIRECT_OBJC_ISA_USAGE = YES_ERROR;
				CLANG_WARN_EMPTY_BODY = YES;
				CLANG_WARN_ENUM_CONVERSION = YES;
				CLANG_WARN_INT_CONVERSION = YES;
				CLANG_WARN_OBJC_ROOT_CLASS = YES_ERROR;
				CLANG_WARN_UNREACHABLE_CODE = YES;
				CLANG_WARN__DUPLICATE_METHOD_MATCH = YES;
				"CODE_SIGN_IDENTITY[sdk=iphoneos*]" = "iPhone Developer";
				COPY_PHASE_STRIP = NO;
				DEBUG_INFORMATION_FORMAT = dwarf;
				ENABLE_STRICT_OBJC_MSGSEND = YES;
				ENABLE_TESTABILITY = YES;
				GCC_C_LANGUAGE_STANDARD = gnu99;
				GCC_DYNAMIC_NO_PIC = NO;
				GCC_NO_COMMON_BLOCKS = YES;
				GCC_OPTIMIZATION_LEVEL = 0;
				GCC_PREPROCESSOR_DEFINITIONS = (
					"DEBUG=1",
					"$(inherited)",
				);
				GCC_WARN_64_TO_32_BIT_CONVERSION = YES;
				GCC_WARN_ABOUT_RETURN_TYPE = YES_ERROR;
				GCC_WARN_UNDECLARED_SELECTOR = YES;
				GCC_WARN_UNINITIALIZED_AUTOS = YES_AGGRESSIVE;
				GCC_WARN_UNUSED_FUNCTION = YES;
				GCC_WARN_UNUSED_VARIABLE = YES;
				IPHONEOS_DEPLOYMENT_TARGET = 9.0;
				MTL_ENABLE_DEBUG_INFO = YES;
				ONLY_ACTIVE_ARCH = YES;
				SDKROOT = iphoneos;
			};
			name = Debug;
		};
		D82FBC571BC6D406009E5320 /* Release */ = {
			isa = XCBuildConfiguration;
			buildSettings = {
				ALWAYS_SEARCH_USER_PATHS = NO;
				CLANG_CXX_LANGUAGE_STANDARD = "gnu++0x";
				CLANG_CXX_LIBRARY = "libc++";
				CLANG_ENABLE_MODULES = YES;
				CLANG_ENABLE_OBJC_ARC = YES;
				CLANG_WARN_BOOL_CONVERSION = YES;
				CLANG_WARN_CONSTANT_CONVERSION = YES;
				CLANG_WARN_DIRECT_OBJC_ISA_USAGE = YES_ERROR;
				CLANG_WARN_EMPTY_BODY = YES;
				CLANG_WARN_ENUM_CONVERSION = YES;
				CLANG_WARN_INT_CONVERSION = YES;
				CLANG_WARN_OBJC_ROOT_CLASS = YES_ERROR;
				CLANG_WARN_UNREACHABLE_CODE = YES;
				CLANG_WARN__DUPLICATE_METHOD_MATCH = YES;
				"CODE_SIGN_IDENTITY[sdk=iphoneos*]" = "iPhone Developer";
				COPY_PHASE_STRIP = NO;
				DEBUG_INFORMATION_FORMAT = "dwarf-with-dsym";
				ENABLE_NS_ASSERTIONS = NO;
				ENABLE_STRICT_OBJC_MSGSEND = YES;
				GCC_C_LANGUAGE_STANDARD = gnu99;
				GCC_NO_COMMON_BLOCKS = YES;
				GCC_WARN_64_TO_32_BIT_CONVERSION = YES;
				GCC_WARN_ABOUT_RETURN_TYPE = YES_ERROR;
				GCC_WARN_UNDECLARED_SELECTOR = YES;
				GCC_WARN_UNINITIALIZED_AUTOS = YES_AGGRESSIVE;
				GCC_WARN_UNUSED_FUNCTION = YES;
				GCC_WARN_UNUSED_VARIABLE = YES;
				IPHONEOS_DEPLOYMENT_TARGET = 9.0;
				MTL_ENABLE_DEBUG_INFO = NO;
				SDKROOT = iphoneos;
				VALIDATE_PRODUCT = YES;
			};
			name = Release;
		};
		D82FBC591BC6D406009E5320 /* Debug */ = {
			isa = XCBuildConfiguration;
			buildSettings = {
				ASSETCATALOG_COMPILER_APPICON_NAME = AppIcon;
				INFOPLIST_FILE = WeekTwoDayFour/Info.plist;
				LD_RUNPATH_SEARCH_PATHS = "$(inherited) @executable_path/Frameworks";
				PRODUCT_BUNDLE_IDENTIFIER = com.bitlore.WeekTwoDayFour;
				PRODUCT_NAME = "$(TARGET_NAME)";
			};
			name = Debug;
		};
		D82FBC5A1BC6D406009E5320 /* Release */ = {
			isa = XCBuildConfiguration;
			buildSettings = {
				ASSETCATALOG_COMPILER_APPICON_NAME = AppIcon;
				INFOPLIST_FILE = WeekTwoDayFour/Info.plist;
				LD_RUNPATH_SEARCH_PATHS = "$(inherited) @executable_path/Frameworks";
				PRODUCT_BUNDLE_IDENTIFIER = com.bitlore.WeekTwoDayFour;
				PRODUCT_NAME = "$(TARGET_NAME)";
			};
			name = Release;
		};
		D82FBC5C1BC6D406009E5320 /* Debug */ = {
			isa = XCBuildConfiguration;
			buildSettings = {
				BUNDLE_LOADER = "$(TEST_HOST)";
				INFOPLIST_FILE = WeekTwoDayFourTests/Info.plist;
				LD_RUNPATH_SEARCH_PATHS = "$(inherited) @executable_path/Frameworks @loader_path/Frameworks";
				PRODUCT_BUNDLE_IDENTIFIER = com.bitlore.WeekTwoDayFourTests;
				PRODUCT_NAME = "$(TARGET_NAME)";
				TEST_HOST = "$(BUILT_PRODUCTS_DIR)/WeekTwoDayFour.app/WeekTwoDayFour";
			};
			name = Debug;
		};
		D82FBC5D1BC6D406009E5320 /* Release */ = {
			isa = XCBuildConfiguration;
			buildSettings = {
				BUNDLE_LOADER = "$(TEST_HOST)";
				INFOPLIST_FILE = WeekTwoDayFourTests/Info.plist;
				LD_RUNPATH_SEARCH_PATHS = "$(inherited) @executable_path/Frameworks @loader_path/Frameworks";
				PRODUCT_BUNDLE_IDENTIFIER = com.bitlore.WeekTwoDayFourTests;
				PRODUCT_NAME = "$(TARGET_NAME)";
				TEST_HOST = "$(BUILT_PRODUCTS_DIR)/WeekTwoDayFour.app/WeekTwoDayFour";
			};
			name = Release;
		};
		D82FBC5F1BC6D406009E5320 /* Debug */ = {
			isa = XCBuildConfiguration;
			buildSettings = {
				INFOPLIST_FILE = WeekTwoDayFourUITests/Info.plist;
				LD_RUNPATH_SEARCH_PATHS = "$(inherited) @executable_path/Frameworks @loader_path/Frameworks";
				PRODUCT_BUNDLE_IDENTIFIER = com.bitlore.WeekTwoDayFourUITests;
				PRODUCT_NAME = "$(TARGET_NAME)";
				TEST_TARGET_NAME = WeekTwoDayFour;
				USES_XCTRUNNER = YES;
			};
			name = Debug;
		};
		D82FBC601BC6D406009E5320 /* Release */ = {
			isa = XCBuildConfiguration;
			buildSettings = {
				INFOPLIST_FILE = WeekTwoDayFourUITests/Info.plist;
				LD_RUNPATH_SEARCH_PATHS = "$(inherited) @executable_path/Frameworks @loader_path/Frameworks";
				PRODUCT_BUNDLE_IDENTIFIER = com.bitlore.WeekTwoDayFourUITests;
				PRODUCT_NAME = "$(TARGET_NAME)";
				TEST_TARGET_NAME = WeekTwoDayFour;
				USES_XCTRUNNER = YES;
			};
			name = Release;
		};
/* End XCBuildConfiguration section */

/* Begin XCConfigurationList section */
		D82FBC261BC6D406009E5320 /* Build configuration list for PBXProject "WeekTwoDayFour" */ = {
			isa = XCConfigurationList;
			buildConfigurations = (
				D82FBC561BC6D406009E5320 /* Debug */,
				D82FBC571BC6D406009E5320 /* Release */,
			);
			defaultConfigurationIsVisible = 0;
			defaultConfigurationName = Release;
		};
		D82FBC581BC6D406009E5320 /* Build configuration list for PBXNativeTarget "WeekTwoDayFour" */ = {
			isa = XCConfigurationList;
			buildConfigurations = (
				D82FBC591BC6D406009E5320 /* Debug */,
				D82FBC5A1BC6D406009E5320 /* Release */,
			);
			defaultConfigurationIsVisible = 0;
		};
		D82FBC5B1BC6D406009E5320 /* Build configuration list for PBXNativeTarget "WeekTwoDayFourTests" */ = {
			isa = XCConfigurationList;
			buildConfigurations = (
				D82FBC5C1BC6D406009E5320 /* Debug */,
				D82FBC5D1BC6D406009E5320 /* Release */,
			);
			defaultConfigurationIsVisible = 0;
		};
		D82FBC5E1BC6D406009E5320 /* Build configuration list for PBXNativeTarget "WeekTwoDayFourUITests" */ = {
			isa = XCConfigurationList;
			buildConfigurations = (
				D82FBC5F1BC6D406009E5320 /* Debug */,
				D82FBC601BC6D406009E5320 /* Release */,
			);
			defaultConfigurationIsVisible = 0;
		};
/* End XCConfigurationList section */
	};
	rootObject = D82FBC231BC6D406009E5320 /* Project object */;
}
